
Microsoft Visual Studio Solution File, Format Version 12.00
# Visual Studio Version 17
VisualStudioVersion = 17.9.34607.119
MinimumVisualStudioVersion = 10.0.40219.1
Project("{FAE04EC0-301F-11D3-BF4B-00C04F79EFBC}") = "LinearSolver", "LinearSolver.csproj", "{023DC686-310B-4410-90BD-EE5FACC640EC}"
EndProject
Global
	GlobalSection(SolutionConfigurationPlatforms) = preSolution
		Debug|Any CPU = Debug|Any CPU
		Release|Any CPU = Release|Any CPU
	EndGlobalSection
	GlobalSection(ProjectConfigurationPlatforms) = postSolution
		{023DC686-310B-4410-90BD-EE5FACC640EC}.Debug|Any CPU.ActiveCfg = Debug|Any CPU
		{023DC686-310B-4410-90BD-EE5FACC640EC}.Debug|Any CPU.Build.0 = Debug|Any CPU
		{023DC686-310B-4410-90BD-EE5FACC640EC}.Release|Any CPU.ActiveCfg = Release|Any CPU
		{023DC686-310B-4410-90BD-EE5FACC640EC}.Release|Any CPU.Build.0 = Release|Any CPU
	EndGlobalSection
	GlobalSection(SolutionProperties) = preSolution
		HideSolutionNode = FALSE
	EndGlobalSection
	GlobalSection(ExtensibilityGlobals) = postSolution
		SolutionGuid = {2C3259BE-8CB8-45D8-B67B-4B4816D06F28}
	EndGlobalSection
EndGlobal
